
Microsoft Visual Studio Solution File, Format Version 12.00
# Visual Studio Version 17
VisualStudioVersion = 17.13.35919.96 d17.13
MinimumVisualStudioVersion = 10.0.40219.1
Project("{FAE04EC0-301F-11D3-BF4B-00C04F79EFBC}") = "ProvaP2", "ProvaP2\ProvaP2.csproj", "{6973C6FF-85DC-4D90-9BB4-7FEB7E9D85B3}"
EndProject
Global
	GlobalSection(SolutionConfigurationPlatforms) = preSolution
		Debug|Any CPU = Debug|Any CPU
		Release|Any CPU = Release|Any CPU
	EndGlobalSection
	GlobalSection(ProjectConfigurationPlatforms) = postSolution
		{6973C6FF-85DC-4D90-9BB4-7FEB7E9D85B3}.Debug|Any CPU.ActiveCfg = Debug|Any CPU
		{6973C6FF-85DC-4D90-9BB4-7FEB7E9D85B3}.Debug|Any CPU.Build.0 = Debug|Any CPU
		{6973C6FF-85DC-4D90-9BB4-7FEB7E9D85B3}.Release|Any CPU.ActiveCfg = Release|Any CPU
		{6973C6FF-85DC-4D90-9BB4-7FEB7E9D85B3}.Release|Any CPU.Build.0 = Release|Any CPU
	EndGlobalSection
	GlobalSection(SolutionProperties) = preSolution
		HideSolutionNode = FALSE
	EndGlobalSection
	GlobalSection(ExtensibilityGlobals) = postSolution
		SolutionGuid = {FA957917-F8C0-44A2-B6D3-A9F401A6F6E2}
	EndGlobalSection
EndGlobal
